
Microsoft Visual Studio Solution File, Format Version 12.00
# Visual Studio Version 17
VisualStudioVersion = 17.5.002.0
MinimumVisualStudioVersion = 10.0.40219.1
Project("{9A19103F-16F7-4668-BE54-9A1E7A4F7556}") = "DemoMVC", "DemoMVC.csproj", "{90D3EC17-8784-426A-B78D-E974440100E3}"
EndProject
Global
	GlobalSection(SolutionConfigurationPlatforms) = preSolution
		Debug|Any CPU = Debug|Any CPU
		Release|Any CPU = Release|Any CPU
	EndGlobalSection
	GlobalSection(ProjectConfigurationPlatforms) = postSolution
		{90D3EC17-8784-426A-B78D-E974440100E3}.Debug|Any CPU.ActiveCfg = Debug|Any CPU
		{90D3EC17-8784-426A-B78D-E974440100E3}.Debug|Any CPU.Build.0 = Debug|Any CPU
		{90D3EC17-8784-426A-B78D-E974440100E3}.Release|Any CPU.ActiveCfg = Release|Any CPU
		{90D3EC17-8784-426A-B78D-E974440100E3}.Release|Any CPU.Build.0 = Release|Any CPU
	EndGlobalSection
	GlobalSection(SolutionProperties) = preSolution
		HideSolutionNode = FALSE
	EndGlobalSection
	GlobalSection(ExtensibilityGlobals) = postSolution
		SolutionGuid = {ED71153C-22C0-46E0-96C2-5B3EB82ADE56}
	EndGlobalSection
EndGlobal
